
Microsoft Visual Studio Solution File, Format Version 12.00
# Visual Studio Version 17
VisualStudioVersion = 17.14.36414.22
MinimumVisualStudioVersion = 10.0.40219.1
Project("{FAE04EC0-301F-11D3-BF4B-00C04F79EFBC}") = "Application", "Application\Application.csproj", "{11C4DA57-8E52-4C53-BC8B-E6CA36F500F9}"
EndProject
Project("{FAE04EC0-301F-11D3-BF4B-00C04F79EFBC}") = "BLL", "BLL\BLL.csproj", "{48FA8ACC-071D-44F7-B362-B962E27B363E}"
EndProject
Project("{FAE04EC0-301F-11D3-BF4B-00C04F79EFBC}") = "DAL", "DAL\DAL.csproj", "{255B951A-7162-48AD-8239-B7DFF2399E39}"
EndProject
Project("{2150E333-8FDC-42A3-9474-1A3956D46DE8}") = "Solution Items", "Solution Items", "{8EC462FD-D22E-90A8-E5CE-7E832BA40C5D}"
	ProjectSection(SolutionItems) = preProject
		.gitignore = .gitignore
	EndProjectSection
EndProject
Global
	GlobalSection(SolutionConfigurationPlatforms) = preSolution
		Debug|Any CPU = Debug|Any CPU
		Release|Any CPU = Release|Any CPU
	EndGlobalSection
	GlobalSection(ProjectConfigurationPlatforms) = postSolution
		{11C4DA57-8E52-4C53-BC8B-E6CA36F500F9}.Debug|Any CPU.ActiveCfg = Debug|Any CPU
		{11C4DA57-8E52-4C53-BC8B-E6CA36F500F9}.Debug|Any CPU.Build.0 = Debug|Any CPU
		{11C4DA57-8E52-4C53-BC8B-E6CA36F500F9}.Release|Any CPU.ActiveCfg = Release|Any CPU
		{11C4DA57-8E52-4C53-BC8B-E6CA36F500F9}.Release|Any CPU.Build.0 = Release|Any CPU
		{48FA8ACC-071D-44F7-B362-B962E27B363E}.Debug|Any CPU.ActiveCfg = Debug|Any CPU
		{48FA8ACC-071D-44F7-B362-B962E27B363E}.Debug|Any CPU.Build.0 = Debug|Any CPU
		{48FA8ACC-071D-44F7-B362-B962E27B363E}.Release|Any CPU.ActiveCfg = Release|Any CPU
		{48FA8ACC-071D-44F7-B362-B962E27B363E}.Release|Any CPU.Build.0 = Release|Any CPU
		{255B951A-7162-48AD-8239-B7DFF2399E39}.Debug|Any CPU.ActiveCfg = Debug|Any CPU
		{255B951A-7162-48AD-8239-B7DFF2399E39}.Debug|Any CPU.Build.0 = Debug|Any CPU
		{255B951A-7162-48AD-8239-B7DFF2399E39}.Release|Any CPU.ActiveCfg = Release|Any CPU
		{255B951A-7162-48AD-8239-B7DFF2399E39}.Release|Any CPU.Build.0 = Release|Any CPU
	EndGlobalSection
	GlobalSection(SolutionProperties) = preSolution
		HideSolutionNode = FALSE
	EndGlobalSection
	GlobalSection(ExtensibilityGlobals) = postSolution
		SolutionGuid = {7DC4AF53-53DA-42D0-BC91-4F1E5ECBD052}
	EndGlobalSection
EndGlobal
